
Microsoft Visual Studio Solution File, Format Version 12.00
# Visual Studio 15
VisualStudioVersion = 15.0.26124.0
MinimumVisualStudioVersion = 15.0.26124.0
Project("{FAE04EC0-301F-11D3-BF4B-00C04F79EFBC}") = "Domain", "Domain\Domain.csproj", "{297539F0-3A13-4924-B236-FA9E340090A3}"
EndProject
Project("{FAE04EC0-301F-11D3-BF4B-00C04F79EFBC}") = "Application", "Application\Application.csproj", "{4D19D4F3-1DEB-40ED-81A9-103C378EE703}"
EndProject
Project("{FAE04EC0-301F-11D3-BF4B-00C04F79EFBC}") = "API", "API\API.csproj", "{C5CB5095-5BDE-4C8F-841D-C7D002DA59F0}"
EndProject
Project("{FAE04EC0-301F-11D3-BF4B-00C04F79EFBC}") = "Persistence", "Persistence\Persistence.csproj", "{7127EA95-9320-4BC6-BD7C-81CBF4C1ABD0}"
EndProject
Project("{FAE04EC0-301F-11D3-BF4B-00C04F79EFBC}") = "Infrastructure", "Infrastructure\Infrastructure.csproj", "{94033071-2246-478E-84A7-78BEFBED4329}"
EndProject
Global
	GlobalSection(SolutionConfigurationPlatforms) = preSolution
		Debug|Any CPU = Debug|Any CPU
		Debug|x64 = Debug|x64
		Debug|x86 = Debug|x86
		Release|Any CPU = Release|Any CPU
		Release|x64 = Release|x64
		Release|x86 = Release|x86
	EndGlobalSection
	GlobalSection(SolutionProperties) = preSolution
		HideSolutionNode = FALSE
	EndGlobalSection
	GlobalSection(ProjectConfigurationPlatforms) = postSolution
		{297539F0-3A13-4924-B236-FA9E340090A3}.Debug|Any CPU.ActiveCfg = Debug|Any CPU
		{297539F0-3A13-4924-B236-FA9E340090A3}.Debug|Any CPU.Build.0 = Debug|Any CPU
		{297539F0-3A13-4924-B236-FA9E340090A3}.Debug|x64.ActiveCfg = Debug|Any CPU
		{297539F0-3A13-4924-B236-FA9E340090A3}.Debug|x64.Build.0 = Debug|Any CPU
		{297539F0-3A13-4924-B236-FA9E340090A3}.Debug|x86.ActiveCfg = Debug|Any CPU
		{297539F0-3A13-4924-B236-FA9E340090A3}.Debug|x86.Build.0 = Debug|Any CPU
		{297539F0-3A13-4924-B236-FA9E340090A3}.Release|Any CPU.ActiveCfg = Release|Any CPU
		{297539F0-3A13-4924-B236-FA9E340090A3}.Release|Any CPU.Build.0 = Release|Any CPU
		{297539F0-3A13-4924-B236-FA9E340090A3}.Release|x64.ActiveCfg = Release|Any CPU
		{297539F0-3A13-4924-B236-FA9E340090A3}.Release|x64.Build.0 = Release|Any CPU
		{297539F0-3A13-4924-B236-FA9E340090A3}.Release|x86.ActiveCfg = Release|Any CPU
		{297539F0-3A13-4924-B236-FA9E340090A3}.Release|x86.Build.0 = Release|Any CPU
		{4D19D4F3-1DEB-40ED-81A9-103C378EE703}.Debug|Any CPU.ActiveCfg = Debug|Any CPU
		{4D19D4F3-1DEB-40ED-81A9-103C378EE703}.Debug|Any CPU.Build.0 = Debug|Any CPU
		{4D19D4F3-1DEB-40ED-81A9-103C378EE703}.Debug|x64.ActiveCfg = Debug|Any CPU
		{4D19D4F3-1DEB-40ED-81A9-103C378EE703}.Debug|x64.Build.0 = Debug|Any CPU
		{4D19D4F3-1DEB-40ED-81A9-103C378EE703}.Debug|x86.ActiveCfg = Debug|Any CPU
		{4D19D4F3-1DEB-40ED-81A9-103C378EE703}.Debug|x86.Build.0 = Debug|Any CPU
		{4D19D4F3-1DEB-40ED-81A9-103C378EE703}.Release|Any CPU.ActiveCfg = Release|Any CPU
		{4D19D4F3-1DEB-40ED-81A9-103C378EE703}.Release|Any CPU.Build.0 = Release|Any CPU
		{4D19D4F3-1DEB-40ED-81A9-103C378EE703}.Release|x64.ActiveCfg = Release|Any CPU
		{4D19D4F3-1DEB-40ED-81A9-103C378EE703}.Release|x64.Build.0 = Release|Any CPU
		{4D19D4F3-1DEB-40ED-81A9-103C378EE703}.Release|x86.ActiveCfg = Release|Any CPU
		{4D19D4F3-1DEB-40ED-81A9-103C378EE703}.Release|x86.Build.0 = Release|Any CPU
		{C5CB5095-5BDE-4C8F-841D-C7D002DA59F0}.Debug|Any CPU.ActiveCfg = Debug|Any CPU
		{C5CB5095-5BDE-4C8F-841D-C7D002DA59F0}.Debug|Any CPU.Build.0 = Debug|Any CPU
		{C5CB5095-5BDE-4C8F-841D-C7D002DA59F0}.Debug|x64.ActiveCfg = Debug|Any CPU
		{C5CB5095-5BDE-4C8F-841D-C7D002DA59F0}.Debug|x64.Build.0 = Debug|Any CPU
		{C5CB5095-5BDE-4C8F-841D-C7D002DA59F0}.Debug|x86.ActiveCfg = Debug|Any CPU
		{C5CB5095-5BDE-4C8F-841D-C7D002DA59F0}.Debug|x86.Build.0 = Debug|Any CPU
		{C5CB5095-5BDE-4C8F-841D-C7D002DA59F0}.Release|Any CPU.ActiveCfg = Release|Any CPU
		{C5CB5095-5BDE-4C8F-841D-C7D002DA59F0}.Release|Any CPU.Build.0 = Release|Any CPU
		{C5CB5095-5BDE-4C8F-841D-C7D002DA59F0}.Release|x64.ActiveCfg = Release|Any CPU
		{C5CB5095-5BDE-4C8F-841D-C7D002DA59F0}.Release|x64.Build.0 = Release|Any CPU
		{C5CB5095-5BDE-4C8F-841D-C7D002DA59F0}.Release|x86.ActiveCfg = Release|Any CPU
		{C5CB5095-5BDE-4C8F-841D-C7D002DA59F0}.Release|x86.Build.0 = Release|Any CPU
		{7127EA95-9320-4BC6-BD7C-81CBF4C1ABD0}.Debug|Any CPU.ActiveCfg = Debug|Any CPU
		{7127EA95-9320-4BC6-BD7C-81CBF4C1ABD0}.Debug|Any CPU.Build.0 = Debug|Any CPU
		{7127EA95-9320-4BC6-BD7C-81CBF4C1ABD0}.Debug|x64.ActiveCfg = Debug|Any CPU
		{7127EA95-9320-4BC6-BD7C-81CBF4C1ABD0}.Debug|x64.Build.0 = Debug|Any CPU
		{7127EA95-9320-4BC6-BD7C-81CBF4C1ABD0}.Debug|x86.ActiveCfg = Debug|Any CPU
		{7127EA95-9320-4BC6-BD7C-81CBF4C1ABD0}.Debug|x86.Build.0 = Debug|Any CPU
		{7127EA95-9320-4BC6-BD7C-81CBF4C1ABD0}.Release|Any CPU.ActiveCfg = Release|Any CPU
		{7127EA95-9320-4BC6-BD7C-81CBF4C1ABD0}.Release|Any CPU.Build.0 = Release|Any CPU
		{7127EA95-9320-4BC6-BD7C-81CBF4C1ABD0}.Release|x64.ActiveCfg = Release|Any CPU
		{7127EA95-9320-4BC6-BD7C-81CBF4C1ABD0}.Release|x64.Build.0 = Release|Any CPU
		{7127EA95-9320-4BC6-BD7C-81CBF4C1ABD0}.Release|x86.ActiveCfg = Release|Any CPU
		{7127EA95-9320-4BC6-BD7C-81CBF4C1ABD0}.Release|x86.Build.0 = Release|Any CPU
		{94033071-2246-478E-84A7-78BEFBED4329}.Debug|Any CPU.ActiveCfg = Debug|Any CPU
		{94033071-2246-478E-84A7-78BEFBED4329}.Debug|Any CPU.Build.0 = Debug|Any CPU
		{94033071-2246-478E-84A7-78BEFBED4329}.Debug|x64.ActiveCfg = Debug|Any CPU
		{94033071-2246-478E-84A7-78BEFBED4329}.Debug|x64.Build.0 = Debug|Any CPU
		{94033071-2246-478E-84A7-78BEFBED4329}.Debug|x86.ActiveCfg = Debug|Any CPU
		{94033071-2246-478E-84A7-78BEFBED4329}.Debug|x86.Build.0 = Debug|Any CPU
		{94033071-2246-478E-84A7-78BEFBED4329}.Release|Any CPU.ActiveCfg = Release|Any CPU
		{94033071-2246-478E-84A7-78BEFBED4329}.Release|Any CPU.Build.0 = Release|Any CPU
		{94033071-2246-478E-84A7-78BEFBED4329}.Release|x64.ActiveCfg = Release|Any CPU
		{94033071-2246-478E-84A7-78BEFBED4329}.Release|x64.Build.0 = Release|Any CPU
		{94033071-2246-478E-84A7-78BEFBED4329}.Release|x86.ActiveCfg = Release|Any CPU
		{94033071-2246-478E-84A7-78BEFBED4329}.Release|x86.Build.0 = Release|Any CPU
	EndGlobalSection
EndGlobal
